
Microsoft Visual Studio Solution File, Format Version 12.00
# Visual Studio Version 16
VisualStudioVersion = 16.0.31205.134
MinimumVisualStudioVersion = 10.0.40219.1
Project("{FAE04EC0-301F-11D3-BF4B-00C04F79EFBC}") = "ejercicio1Guia12", "ejercicio1Guia12\ejercicio1Guia12.csproj", "{9199AEDA-40B0-4A90-8880-AAC9487BDCC0}"
EndProject
Global
	GlobalSection(SolutionConfigurationPlatforms) = preSolution
		Debug|Any CPU = Debug|Any CPU
		Release|Any CPU = Release|Any CPU
	EndGlobalSection
	GlobalSection(ProjectConfigurationPlatforms) = postSolution
		{9199AEDA-40B0-4A90-8880-AAC9487BDCC0}.Debug|Any CPU.ActiveCfg = Debug|Any CPU
		{9199AEDA-40B0-4A90-8880-AAC9487BDCC0}.Debug|Any CPU.Build.0 = Debug|Any CPU
		{9199AEDA-40B0-4A90-8880-AAC9487BDCC0}.Release|Any CPU.ActiveCfg = Release|Any CPU
		{9199AEDA-40B0-4A90-8880-AAC9487BDCC0}.Release|Any CPU.Build.0 = Release|Any CPU
	EndGlobalSection
	GlobalSection(SolutionProperties) = preSolution
		HideSolutionNode = FALSE
	EndGlobalSection
	GlobalSection(ExtensibilityGlobals) = postSolution
		SolutionGuid = {F7B38EF4-E24D-4882-BBDD-69B186179FB6}
	EndGlobalSection
EndGlobal
